
Microsoft Visual Studio Solution File, Format Version 12.00
# Visual Studio 15
VisualStudioVersion = 15.0.26730.12
MinimumVisualStudioVersion = 10.0.40219.1
Project("{FAE04EC0-301F-11D3-BF4B-00C04F79EFBC}") = "HttpProxy", "HttpProxy\HttpProxy.csproj", "{E310B3E5-E60C-4D19-B71E-03DCD69271D1}"
EndProject
Global
	GlobalSection(SolutionConfigurationPlatforms) = preSolution
		Debug|Any CPU = Debug|Any CPU
		Release|Any CPU = Release|Any CPU
	EndGlobalSection
	GlobalSection(ProjectConfigurationPlatforms) = postSolution
		{E310B3E5-E60C-4D19-B71E-03DCD69271D1}.Debug|Any CPU.ActiveCfg = Debug|Any CPU
		{E310B3E5-E60C-4D19-B71E-03DCD69271D1}.Debug|Any CPU.Build.0 = Debug|Any CPU
		{E310B3E5-E60C-4D19-B71E-03DCD69271D1}.Release|Any CPU.ActiveCfg = Release|Any CPU
		{E310B3E5-E60C-4D19-B71E-03DCD69271D1}.Release|Any CPU.Build.0 = Release|Any CPU
	EndGlobalSection
	GlobalSection(SolutionProperties) = preSolution
		HideSolutionNode = FALSE
	EndGlobalSection
	GlobalSection(ExtensibilityGlobals) = postSolution
		SolutionGuid = {AA60E4AD-AEB2-48CB-AC28-02DA7B7C5103}
	EndGlobalSection
EndGlobal
